
Microsoft Visual Studio Solution File, Format Version 12.00
# Visual Studio Version 17
VisualStudioVersion = 17.9.34728.123
MinimumVisualStudioVersion = 10.0.40219.1
Project("{9A19103F-16F7-4668-BE54-9A1E7A4F7556}") = "RabbitMq", "RabbitMq\RabbitMq.csproj", "{8D41EC06-F921-4AF9-8053-77C895497619}"
EndProject
Project("{9A19103F-16F7-4668-BE54-9A1E7A4F7556}") = "RabbitMqTests", "RabbitMqTest\RabbitMqTests.csproj", "{D032EEA5-089B-467D-9923-564A335C12C4}"
EndProject
Project("{9A19103F-16F7-4668-BE54-9A1E7A4F7556}") = "RabbitMQ-Api", "RabbitMQ-Api\RabbitMQ-Api.csproj", "{5C916C51-78F3-4DAE-816A-5A6DABF6685A}"
EndProject
Global
	GlobalSection(SolutionConfigurationPlatforms) = preSolution
		Debug|Any CPU = Debug|Any CPU
		Release|Any CPU = Release|Any CPU
	EndGlobalSection
	GlobalSection(ProjectConfigurationPlatforms) = postSolution
		{8D41EC06-F921-4AF9-8053-77C895497619}.Debug|Any CPU.ActiveCfg = Debug|Any CPU
		{8D41EC06-F921-4AF9-8053-77C895497619}.Debug|Any CPU.Build.0 = Debug|Any CPU
		{8D41EC06-F921-4AF9-8053-77C895497619}.Release|Any CPU.ActiveCfg = Release|Any CPU
		{8D41EC06-F921-4AF9-8053-77C895497619}.Release|Any CPU.Build.0 = Release|Any CPU
		{D032EEA5-089B-467D-9923-564A335C12C4}.Debug|Any CPU.ActiveCfg = Debug|Any CPU
		{D032EEA5-089B-467D-9923-564A335C12C4}.Debug|Any CPU.Build.0 = Debug|Any CPU
		{D032EEA5-089B-467D-9923-564A335C12C4}.Release|Any CPU.ActiveCfg = Release|Any CPU
		{D032EEA5-089B-467D-9923-564A335C12C4}.Release|Any CPU.Build.0 = Release|Any CPU
		{5C916C51-78F3-4DAE-816A-5A6DABF6685A}.Debug|Any CPU.ActiveCfg = Debug|Any CPU
		{5C916C51-78F3-4DAE-816A-5A6DABF6685A}.Debug|Any CPU.Build.0 = Debug|Any CPU
		{5C916C51-78F3-4DAE-816A-5A6DABF6685A}.Release|Any CPU.ActiveCfg = Release|Any CPU
		{5C916C51-78F3-4DAE-816A-5A6DABF6685A}.Release|Any CPU.Build.0 = Release|Any CPU
	EndGlobalSection
	GlobalSection(SolutionProperties) = preSolution
		HideSolutionNode = FALSE
	EndGlobalSection
	GlobalSection(ExtensibilityGlobals) = postSolution
		SolutionGuid = {9F116B43-8F55-4D8E-9DE9-8719FB0ACEC3}
	EndGlobalSection
EndGlobal
